// !$*UTF8*$!
{
	archiveVersion = 1;
	classes = {
	};
	objectVersion = 46;
	objects = {

/* Begin PBXBuildFile section */
		6B8042CA1CC1A178004025C7 /* AppDelegate.swift in Sources */ = {isa = PBXBuildFile; fileRef = 6B8042C91CC1A178004025C7 /* AppDelegate.swift */; };
		6B8042CC1CC1A178004025C7 /* ViewController.swift in Sources */ = {isa = PBXBuildFile; fileRef = 6B8042CB1CC1A178004025C7 /* ViewController.swift */; };
		6B8042CF1CC1A178004025C7 /* Main.storyboard in Resources */ = {isa = PBXBuildFile; fileRef = 6B8042CD1CC1A178004025C7 /* Main.storyboard */; };
		6B8042D11CC1A178004025C7 /* Assets.xcassets in Resources */ = {isa = PBXBuildFile; fileRef = 6B8042D01CC1A178004025C7 /* Assets.xcassets */; };
		6B8042D41CC1A178004025C7 /* LaunchScreen.storyboard in Resources */ = {isa = PBXBuildFile; fileRef = 6B8042D21CC1A178004025C7 /* LaunchScreen.storyboard */; };
		6B8042DF1CC1A178004025C7 /* Project2_RedAlertTests.swift in Sources */ = {isa = PBXBuildFile; fileRef = 6B8042DE1CC1A178004025C7 /* Project2_RedAlertTests.swift */; };
		6B8042EA1CC1A178004025C7 /* Project2_RedAlertUITests.swift in Sources */ = {isa = PBXBuildFile; fileRef = 6B8042E91CC1A178004025C7 /* Project2_RedAlertUITests.swift */; };
/* End PBXBuildFile section */

/* Begin PBXContainerItemProxy section */
		6B8042DB1CC1A178004025C7 /* PBXContainerItemProxy */ = {
			isa = PBXContainerItemProxy;
			containerPortal = 6B8042BE1CC1A178004025C7 /* Project object */;
			proxyType = 1;
			remoteGlobalIDString = 6B8042C51CC1A178004025C7;
			remoteInfo = "Project2-RedAlert";
		};
		6B8042E61CC1A178004025C7 /* PBXContainerItemProxy */ = {
			isa = PBXContainerItemProxy;
			containerPortal = 6B8042BE1CC1A178004025C7 /* Project object */;
			proxyType = 1;
			remoteGlobalIDString = 6B8042C51CC1A178004025C7;
			remoteInfo = "Project2-RedAlert";
		};
/* End PBXContainerItemProxy section */

/* Begin PBXFileReference section */
		6B8042C61CC1A178004025C7 /* Project2-RedAlert.app */ = {isa = PBXFileReference; explicitFileType = wrapper.application; includeInIndex = 0; path = "Project2-RedAlert.app"; sourceTree = BUILT_PRODUCTS_DIR; };
		6B8042C91CC1A178004025C7 /* AppDelegate.swift */ = {isa = PBXFileReference; lastKnownFileType = sourcecode.swift; path = AppDelegate.swift; sourceTree = "<group>"; };
		6B8042CB1CC1A178004025C7 /* ViewController.swift */ = {isa = PBXFileReference; lastKnownFileType = sourcecode.swift; path = ViewController.swift; sourceTree = "<group>"; };
		6B8042CE1CC1A178004025C7 /* Base */ = {isa = PBXFileReference; lastKnownFileType = file.storyboard; name = Base; path = Base.lproj/Main.storyboard; sourceTree = "<group>"; };
		6B8042D01CC1A178004025C7 /* Assets.xcassets */ = {isa = PBXFileReference; lastKnownFileType = folder.assetcatalog; path = Assets.xcassets; sourceTree = "<group>"; };
		6B8042D31CC1A178004025C7 /* Base */ = {isa = PBXFileReference; lastKnownFileType = file.storyboard; name = Base; path = Base.lproj/LaunchScreen.storyboard; sourceTree = "<group>"; };
		6B8042D51CC1A178004025C7 /* Info.plist */ = {isa = PBXFileReference; lastKnownFileType = text.plist.xml; path = Info.plist; sourceTree = "<group>"; };
		6B8042DA1CC1A178004025C7 /* Project2-RedAlertTests.xctest */ = {isa = PBXFileReference; explicitFileType = wrapper.cfbundle; includeInIndex = 0; path = "Project2-RedAlertTests.xctest"; sourceTree = BUILT_PRODUCTS_DIR; };
		6B8042DE1CC1A178004025C7 /* Project2_RedAlertTests.swift */ = {isa = PBXFileReference; lastKnownFileType = sourcecode.swift; path = Project2_RedAlertTests.swift; sourceTree = "<group>"; };
		6B8042E01CC1A178004025C7 /* Info.plist */ = {isa = PBXFileReference; lastKnownFileType = text.plist.xml; path = Info.plist; sourceTree = "<group>"; };
		6B8042E51CC1A178004025C7 /* Project2-RedAlertUITests.xctest */ = {isa = PBXFileReference; explicitFileType = wrapper.cfbundle; includeInIndex = 0; path = "Project2-RedAlertUITests.xctest"; sourceTree = BUILT_PRODUCTS_DIR; };
		6B8042E91CC1A178004025C7 /* Project2_RedAlertUITests.swift */ = {isa = PBXFileReference; lastKnownFileType = sourcecode.swift; path = Project2_RedAlertUITests.swift; sourceTree = "<group>"; };
		6B8042EB1CC1A178004025C7 /* Info.plist */ = {isa = PBXFileReference; lastKnownFileType = text.plist.xml; path = Info.plist; sourceTree = "<group>"; };
/* End PBXFileReference section */

/* Begin PBXFrameworksBuildPhase section */
		6B8042C31CC1A178004025C7 /* Frameworks */ = {
			isa = PBXFrameworksBuildPhase;
			buildActionMask = 2147483647;
			files = (
			);
			runOnlyForDeploymentPostprocessing = 0;
		};
		6B8042D71CC1A178004025C7 /* Frameworks */ = {
			isa = PBXFrameworksBuildPhase;
			buildActionMask = 2147483647;
			files = (
			);
			runOnlyForDeploymentPostprocessing = 0;
		};
		6B8042E21CC1A178004025C7 /* Frameworks */ = {
			isa = PBXFrameworksBuildPhase;
			buildActionMask = 2147483647;
			files = (
			);
			runOnlyForDeploymentPostprocessing = 0;
		};
/* End PBXFrameworksBuildPhase section */

/* Begin PBXGroup section */
		6B8042BD1CC1A178004025C7 = {
			isa = PBXGroup;
			children = (
				6B8042C81CC1A178004025C7 /* Project2-RedAlert */,
				6B8042DD1CC1A178004025C7 /* Project2-RedAlertTests */,
				6B8042E81CC1A178004025C7 /* Project2-RedAlertUITests */,
				6B8042C71CC1A178004025C7 /* Products */,
			);
			sourceTree = "<group>";
		};
		6B8042C71CC1A178004025C7 /* Products */ = {
			isa = PBXGroup;
			children = (
				6B8042C61CC1A178004025C7 /* Project2-RedAlert.app */,
				6B8042DA1CC1A178004025C7 /* Project2-RedAlertTests.xctest */,
				6B8042E51CC1A178004025C7 /* Project2-RedAlertUITests.xctest */,
			);
			name = Products;
			sourceTree = "<group>";
		};
		6B8042C81CC1A178004025C7 /* Project2-RedAlert */ = {
			isa = PBXGroup;
			children = (
				6B8042C91CC1A178004025C7 /* AppDelegate.swift */,
				6B8042CB1CC1A178004025C7 /* ViewController.swift */,
				6B8042CD1CC1A178004025C7 /* Main.storyboard */,
				6B8042D01CC1A178004025C7 /* Assets.xcassets */,
				6B8042D21CC1A178004025C7 /* LaunchScreen.storyboard */,
				6B8042D51CC1A178004025C7 /* Info.plist */,
			);
			path = "Project2-RedAlert";
			sourceTree = "<group>";
		};
		6B8042DD1CC1A178004025C7 /* Project2-RedAlertTests */ = {
			isa = PBXGroup;
			children = (
				6B8042DE1CC1A178004025C7 /* Project2_RedAlertTests.swift */,
				6B8042E01CC1A178004025C7 /* Info.plist */,
			);
			path = "Project2-RedAlertTests";
			sourceTree = "<group>";
		};
		6B8042E81CC1A178004025C7 /* Project2-RedAlertUITests */ = {
			isa = PBXGroup;
			children = (
				6B8042E91CC1A178004025C7 /* Project2_RedAlertUITests.swift */,
				6B8042EB1CC1A178004025C7 /* Info.plist */,
			);
			path = "Project2-RedAlertUITests";
			sourceTree = "<group>";
		};
/* End PBXGroup section */

/* Begin PBXNativeTarget section */
		6B8042C51CC1A178004025C7 /* Project2-RedAlert */ = {
			isa = PBXNativeTarget;
			buildConfigurationList = 6B8042EE1CC1A178004025C7 /* Build configuration list for PBXNativeTarget "Project2-RedAlert" */;
			buildPhases = (
				6B8042C21CC1A178004025C7 /* Sources */,
				6B8042C31CC1A178004025C7 /* Frameworks */,
				6B8042C41CC1A178004025C7 /* Resources */,
			);
			buildRules = (
			);
			dependencies = (
			);
			name = "Project2-RedAlert";
			productName = "Project2-RedAlert";
			productReference = 6B8042C61CC1A178004025C7 /* Project2-RedAlert.app */;
			productType = "com.apple.product-type.application";
		};
		6B8042D91CC1A178004025C7 /* Project2-RedAlertTests */ = {
			isa = PBXNativeTarget;
			buildConfigurationList = 6B8042F11CC1A178004025C7 /* Build configuration list for PBXNativeTarget "Project2-RedAlertTests" */;
			buildPhases = (
				6B8042D61CC1A178004025C7 /* Sources */,
				6B8042D71CC1A178004025C7 /* Frameworks */,
				6B8042D81CC1A178004025C7 /* Resources */,
			);
			buildRules = (
			);
			dependencies = (
				6B8042DC1CC1A178004025C7 /* PBXTargetDependency */,
			);
			name = "Project2-RedAlertTests";
			productName = "Project2-RedAlertTests";
			productReference = 6B8042DA1CC1A178004025C7 /* Project2-RedAlertTests.xctest */;
			productType = "com.apple.product-type.bundle.unit-test";
		};
		6B8042E41CC1A178004025C7 /* Project2-RedAlertUITests */ = {
			isa = PBXNativeTarget;
			buildConfigurationList = 6B8042F41CC1A178004025C7 /* Build configuration list for PBXNativeTarget "Project2-RedAlertUITests" */;
			buildPhases = (
				6B8042E11CC1A178004025C7 /* Sources */,
				6B8042E21CC1A178004025C7 /* Frameworks */,
				6B8042E31CC1A178004025C7 /* Resources */,
			);
			buildRules = (
			);
			dependencies = (
				6B8042E71CC1A178004025C7 /* PBXTargetDependency */,
			);
			name = "Project2-RedAlertUITests";
			productName = "Project2-RedAlertUITests";
			productReference = 6B8042E51CC1A178004025C7 /* Project2-RedAlertUITests.xctest */;
			productType = "com.apple.product-type.bundle.ui-testing";
		};
/* End PBXNativeTarget section */

/* Begin PBXProject section */
		6B8042BE1CC1A178004025C7 /* Project object */ = {
			isa = PBXProject;
			attributes = {
				LastSwiftUpdateCheck = 0730;
				LastUpgradeCheck = 0730;
				ORGANIZATIONNAME = "Krishna Kandula";
				TargetAttributes = {
					6B8042C51CC1A178004025C7 = {
						CreatedOnToolsVersion = 7.3;
						DevelopmentTeam = V5NVPKUCGJ;
					};
					6B8042D91CC1A178004025C7 = {
						CreatedOnToolsVersion = 7.3;
						TestTargetID = 6B8042C51CC1A178004025C7;
					};
					6B8042E41CC1A178004025C7 = {
						CreatedOnToolsVersion = 7.3;
						TestTargetID = 6B8042C51CC1A178004025C7;
					};
				};
			};
			buildConfigurationList = 6B8042C11CC1A178004025C7 /* Build configuration list for PBXProject "Project2-RedAlert" */;
			compatibilityVersion = "Xcode 3.2";
			developmentRegion = English;
			hasScannedForEncodings = 0;
			knownRegions = (
				en,
				Base,
			);
			mainGroup = 6B8042BD1CC1A178004025C7;
			productRefGroup = 6B8042C71CC1A178004025C7 /* Products */;
			projectDirPath = "";
			projectRoot = "";
			targets = (
				6B8042C51CC1A178004025C7 /* Project2-RedAlert */,
				6B8042D91CC1A178004025C7 /* Project2-RedAlertTests */,
				6B8042E41CC1A178004025C7 /* Project2-RedAlertUITests */,
			);
		};
/* End PBXProject section */

/* Begin PBXResourcesBuildPhase section */
		6B8042C41CC1A178004025C7 /* Resources */ = {
			isa = PBXResourcesBuildPhase;
			buildActionMask = 2147483647;
			files = (
				6B8042D41CC1A178004025C7 /* LaunchScreen.storyboard in Resources */,
				6B8042D11CC1A178004025C7 /* Assets.xcassets in Resources */,
				6B8042CF1CC1A178004025C7 /* Main.storyboard in Resources */,
			);
			runOnlyForDeploymentPostprocessing = 0;
		};
		6B8042D81CC1A178004025C7 /* Resources */ = {
			isa = PBXResourcesBuildPhase;
			buildActionMask = 2147483647;
			files = (
			);
			runOnlyForDeploymentPostprocessing = 0;
		};
		6B8042E31CC1A178004025C7 /* Resources */ = {
			isa = PBXResourcesBuildPhase;
			buildActionMask = 2147483647;
			files = (
			);
			runOnlyForDeploymentPostprocessing = 0;
		};
/* End PBXResourcesBuildPhase section */

/* Begin PBXSourcesBuildPhase section */
		6B8042C21CC1A178004025C7 /* Sources */ = {
			isa = PBXSourcesBuildPhase;
			buildActionMask = 2147483647;
			files = (
				6B8042CC1CC1A178004025C7 /* ViewController.swift in Sources */,
				6B8042CA1CC1A178004025C7 /* AppDelegate.swift in Sources */,
			);
			runOnlyForDeploymentPostprocessing = 0;
		};
		6B8042D61CC1A178004025C7 /* Sources */ = {
			isa = PBXSourcesBuildPhase;
			buildActionMask = 2147483647;
			files = (
				6B8042DF1CC1A178004025C7 /* Project2_RedAlertTests.swift in Sources */,
			);
			runOnlyForDeploymentPostprocessing = 0;
		};
		6B8042E11CC1A178004025C7 /* Sources */ = {
			isa = PBXSourcesBuildPhase;
			buildActionMask = 2147483647;
			files = (
				6B8042EA1CC1A178004025C7 /* Project2_RedAlertUITests.swift in Sources */,
			);
			runOnlyForDeploymentPostprocessing = 0;
		};
/* End PBXSourcesBuildPhase section */

/* Begin PBXTargetDependency section */
		6B8042DC1CC1A178004025C7 /* PBXTargetDependency */ = {
			isa = PBXTargetDependency;
			target = 6B8042C51CC1A178004025C7 /* Project2-RedAlert */;
			targetProxy = 6B8042DB1CC1A178004025C7 /* PBXContainerItemProxy */;
		};
		6B8042E71CC1A178004025C7 /* PBXTargetDependency */ = {
			isa = PBXTargetDependency;
			target = 6B8042C51CC1A178004025C7 /* Project2-RedAlert */;
			targetProxy = 6B8042E61CC1A178004025C7 /* PBXContainerItemProxy */;
		};
/* End PBXTargetDependency section */

/* Begin PBXVariantGroup section */
		6B8042CD1CC1A178004025C7 /* Main.storyboard */ = {
			isa = PBXVariantGroup;
			children = (
				6B8042CE1CC1A178004025C7 /* Base */,
			);
			name = Main.storyboard;
			sourceTree = "<group>";
		};
		6B8042D21CC1A178004025C7 /* LaunchScreen.storyboard */ = {
			isa = PBXVariantGroup;
			children = (
				6B8042D31CC1A178004025C7 /* Base */,
			);
			name = LaunchScreen.storyboard;
			sourceTree = "<group>";
		};
/* End PBXVariantGroup section */

/* Begin XCBuildConfiguration section */
		6B8042EC1CC1A178004025C7 /* Debug */ = {
			isa = XCBuildConfiguration;
			buildSettings = {
				ALWAYS_SEARCH_USER_PATHS = NO;
				CLANG_ANALYZER_NONNULL = YES;
				CLANG_CXX_LANGUAGE_STANDARD = "gnu++0x";
				CLANG_CXX_LIBRARY = "libc++";
				CLANG_ENABLE_MODULES = YES;
				CLANG_ENABLE_OBJC_ARC = YES;
				CLANG_WARN_BOOL_CONVERSION = YES;
				CLANG_WARN_CONSTANT_CONVERSION = YES;
				CLANG_WARN_DIRECT_OBJC_ISA_USAGE = YES_ERROR;
				CLANG_WARN_EMPTY_BODY = YES;
				CLANG_WARN_ENUM_CONVERSION = YES;
				CLANG_WARN_INT_CONVERSION = YES;
				CLANG_WARN_OBJC_ROOT_CLASS = YES_ERROR;
				CLANG_WARN_UNREACHABLE_CODE = YES;
				CLANG_WARN__DUPLICATE_METHOD_MATCH = YES;
				"CODE_SIGN_IDENTITY[sdk=iphoneos*]" = "iPhone Developer";
				COPY_PHASE_STRIP = NO;
				DEBUG_INFORMATION_FORMAT = dwarf;
				ENABLE_STRICT_OBJC_MSGSEND = YES;
				ENABLE_TESTABILITY = YES;
				GCC_C_LANGUAGE_STANDARD = gnu99;
				GCC_DYNAMIC_NO_PIC = NO;
				GCC_NO_COMMON_BLOCKS = YES;
				GCC_OPTIMIZATION_LEVEL = 0;
				GCC_PREPROCESSOR_DEFINITIONS = (
					"DEBUG=1",
					"$(inherited)",
				);
				GCC_WARN_64_TO_32_BIT_CONVERSION = YES;
				GCC_WARN_ABOUT_RETURN_TYPE = YES_ERROR;
				GCC_WARN_UNDECLARED_SELECTOR = YES;
				GCC_WARN_UNINITIALIZED_AUTOS = YES_AGGRESSIVE;
				GCC_WARN_UNUSED_FUNCTION = YES;
				GCC_WARN_UNUSED_VARIABLE = YES;
				IPHONEOS_DEPLOYMENT_TARGET = 9.3;
				MTL_ENABLE_DEBUG_INFO = YES;
				ONLY_ACTIVE_ARCH = YES;
				SDKROOT = iphoneos;
				SWIFT_OPTIMIZATION_LEVEL = "-Onone";
				TARGETED_DEVICE_FAMILY = "1,2";
			};
			name = Debug;
		};
		6B8042ED1CC1A178004025C7 /* Release */ = {
			isa = XCBuildConfiguration;
			buildSettings = {
				ALWAYS_SEARCH_USER_PATHS = NO;
				CLANG_ANALYZER_NONNULL = YES;
				CLANG_CXX_LANGUAGE_STANDARD = "gnu++0x";
				CLANG_CXX_LIBRARY = "libc++";
				CLANG_ENABLE_MODULES = YES;
				CLANG_ENABLE_OBJC_ARC = YES;
				CLANG_WARN_BOOL_CONVERSION = YES;
				CLANG_WARN_CONSTANT_CONVERSION = YES;
				CLANG_WARN_DIRECT_OBJC_ISA_USAGE = YES_ERROR;
				CLANG_WARN_EMPTY_BODY = YES;
				CLANG_WARN_ENUM_CONVERSION = YES;
				CLANG_WARN_INT_CONVERSION = YES;
				CLANG_WARN_OBJC_ROOT_CLASS = YES_ERROR;
				CLANG_WARN_UNREACHABLE_CODE = YES;
				CLANG_WARN__DUPLICATE_METHOD_MATCH = YES;
				"CODE_SIGN_IDENTITY[sdk=iphoneos*]" = "iPhone Developer";
				COPY_PHASE_STRIP = NO;
				DEBUG_INFORMATION_FORMAT = "dwarf-with-dsym";
				ENABLE_NS_ASSERTIONS = NO;
				ENABLE_STRICT_OBJC_MSGSEND = YES;
				GCC_C_LANGUAGE_STANDARD = gnu99;
				GCC_NO_COMMON_BLOCKS = YES;
				GCC_WARN_64_TO_32_BIT_CONVERSION = YES;
				GCC_WARN_ABOUT_RETURN_TYPE = YES_ERROR;
				GCC_WARN_UNDECLARED_SELECTOR = YES;
				GCC_WARN_UNINITIALIZED_AUTOS = YES_AGGRESSIVE;
				GCC_WARN_UNUSED_FUNCTION = YES;
				GCC_WARN_UNUSED_VARIABLE = YES;
				IPHONEOS_DEPLOYMENT_TARGET = 9.3;
				MTL_ENABLE_DEBUG_INFO = NO;
				SDKROOT = iphoneos;
				TARGETED_DEVICE_FAMILY = "1,2";
				VALIDATE_PRODUCT = YES;
			};
			name = Release;
		};
		6B8042EF1CC1A178004025C7 /* Debug */ = {
			isa = XCBuildConfiguration;
			buildSettings = {
				ASSETCATALOG_COMPILER_APPICON_NAME = AppIcon;
				CODE_SIGN_IDENTITY = "iPhone Developer";
				"CODE_SIGN_IDENTITY[sdk=iphoneos*]" = "iPhone Developer";
				INFOPLIST_FILE = "Project2-RedAlert/Info.plist";
				LD_RUNPATH_SEARCH_PATHS = "$(inherited) @executable_path/Frameworks";
				PRODUCT_BUNDLE_IDENTIFIER = "Canvas.Project2-RedAlert";
				PRODUCT_NAME = "$(TARGET_NAME)";
				PROVISIONING_PROFILE = "";
			};
			name = Debug;
		};
		6B8042F01CC1A178004025C7 /* Release */ = {
			isa = XCBuildConfiguration;
			buildSettings = {
				ASSETCATALOG_COMPILER_APPICON_NAME = AppIcon;
				CODE_SIGN_IDENTITY = "iPhone Developer";
				"CODE_SIGN_IDENTITY[sdk=iphoneos*]" = "iPhone Developer";
				INFOPLIST_FILE = "Project2-RedAlert/Info.plist";
				LD_RUNPATH_SEARCH_PATHS = "$(inherited) @executable_path/Frameworks";
				PRODUCT_BUNDLE_IDENTIFIER = "Canvas.Project2-RedAlert";
				PRODUCT_NAME = "$(TARGET_NAME)";
				PROVISIONING_PROFILE = "";
			};
			name = Release;
		};
		6B8042F21CC1A178004025C7 /* Debug */ = {
			isa = XCBuildConfiguration;
			buildSettings = {
				BUNDLE_LOADER = "$(TEST_HOST)";
				INFOPLIST_FILE = "Project2-RedAlertTests/Info.plist";
				LD_RUNPATH_SEARCH_PATHS = "$(inherited) @executable_path/Frameworks @loader_path/Frameworks";
				PRODUCT_BUNDLE_IDENTIFIER = "Canvas.Project2-RedAlertTests";
				PRODUCT_NAME = "$(TARGET_NAME)";
				TEST_HOST = "$(BUILT_PRODUCTS_DIR)/Project2-RedAlert.app/Project2-RedAlert";
			};
			name = Debug;
		};
		6B8042F31CC1A178004025C7 /* Release */ = {
			isa = XCBuildConfiguration;
			buildSettings = {
				BUNDLE_LOADER = "$(TEST_HOST)";
				INFOPLIST_FILE = "Project2-RedAlertTests/Info.plist";
				LD_RUNPATH_SEARCH_PATHS = "$(inherited) @executable_path/Frameworks @loader_path/Frameworks";
				PRODUCT_BUNDLE_IDENTIFIER = "Canvas.Project2-RedAlertTests";
				PRODUCT_NAME = "$(TARGET_NAME)";
				TEST_HOST = "$(BUILT_PRODUCTS_DIR)/Project2-RedAlert.app/Project2-RedAlert";
			};
			name = Release;
		};
		6B8042F51CC1A178004025C7 /* Debug */ = {
			isa = XCBuildConfiguration;
			buildSettings = {
				INFOPLIST_FILE = "Project2-RedAlertUITests/Info.plist";
				LD_RUNPATH_SEARCH_PATHS = "$(inherited) @executable_path/Frameworks @loader_path/Frameworks";
				PRODUCT_BUNDLE_IDENTIFIER = "Canvas.Project2-RedAlertUITests";
				PRODUCT_NAME = "$(TARGET_NAME)";
				TEST_TARGET_NAME = "Project2-RedAlert";
			};
			name = Debug;
		};
		6B8042F61CC1A178004025C7 /* Release */ = {
			isa = XCBuildConfiguration;
			buildSettings = {
				INFOPLIST_FILE = "Project2-RedAlertUITests/Info.plist";
				LD_RUNPATH_SEARCH_PATHS = "$(inherited) @executable_path/Frameworks @loader_path/Frameworks";
				PRODUCT_BUNDLE_IDENTIFIER = "Canvas.Project2-RedAlertUITests";
				PRODUCT_NAME = "$(TARGET_NAME)";
				TEST_TARGET_NAME = "Project2-RedAlert";
			};
			name = Release;
		};
/* End XCBuildConfiguration section */

/* Begin XCConfigurationList section */
		6B8042C11CC1A178004025C7 /* Build configuration list for PBXProject "Project2-RedAlert" */ = {
			isa = XCConfigurationList;
			buildConfigurations = (
				6B8042EC1CC1A178004025C7 /* Debug */,
				6B8042ED1CC1A178004025C7 /* Release */,
			);
			defaultConfigurationIsVisible = 0;
			defaultConfigurationName = Release;
		};
		6B8042EE1CC1A178004025C7 /* Build configuration list for PBXNativeTarget "Project2-RedAlert" */ = {
			isa = XCConfigurationList;
			buildConfigurations = (
				6B8042EF1CC1A178004025C7 /* Debug */,
				6B8042F01CC1A178004025C7 /* Release */,
			);
			defaultConfigurationIsVisible = 0;
		};
		6B8042F11CC1A178004025C7 /* Build configuration list for PBXNativeTarget "Project2-RedAlertTests" */ = {
			isa = XCConfigurationList;
			buildConfigurations = (
				6B8042F21CC1A178004025C7 /* Debug */,
				6B8042F31CC1A178004025C7 /* Release */,
			);
			defaultConfigurationIsVisible = 0;
		};
		6B8042F41CC1A178004025C7 /* Build configuration list for PBXNativeTarget "Project2-RedAlertUITests" */ = {
			isa = XCConfigurationList;
			buildConfigurations = (
				6B8042F51CC1A178004025C7 /* Debug */,
				6B8042F61CC1A178004025C7 /* Release */,
			);
			defaultConfigurationIsVisible = 0;
		};
/* End XCConfigurationList section */
	};
	rootObject = 6B8042BE1CC1A178004025C7 /* Project object */;
}
